#MicroXplorer Configuration settings - do not modify
Mcu.Family=STM32F1
NVIC.USART3_IRQn=true\:0\:0\:false\:false\:true\:true\:true
ProjectManager.MainLocation=Core/Src
ProjectManager.ProjectFileName=Try_card.ioc
ProjectManager.KeepUserCode=true
Mcu.UserName=STM32F103C8Tx
Mcu.PinsNb=12
PB10.Mode=Asynchronous
ProjectManager.NoMain=false
RCC.PLLCLKFreq_Value=8000000
ProjectManager.functionlistsort=1-MX_GPIO_Init-GPIO-false-HAL-true,2-SystemClock_Config-RCC-false-HAL-false,3-MX_USART3_UART_Init-USART3-false-HAL-true,4-MX_TIM2_Init-TIM2-false-HAL-true,5-MX_CAN_Init-CAN-false-HAL-true
PA11.Mode=Master
ProjectManager.DefaultFWLocation=true
ProjectManager.DeletePrevious=true
PB10.Locked=true
PB11.Signal=USART3_RX
CAN.CalculateTimeBit=4000.00
PinOutPanel.RotationAngle=0
RCC.FamilyName=M
ProjectManager.StackSize=0x400
PA13.Signal=SYS_JTMS-SWDIO
Mcu.IP4=TIM2
Mcu.IP5=USART3
Mcu.IP2=RCC
NVIC.SVCall_IRQn=true\:0\:0\:false\:false\:true\:false\:false
Mcu.IP3=SYS
Mcu.IP0=CAN
Mcu.IP1=NVIC
PA12.Locked=true
PA11.Locked=true
PA12.Signal=CAN_TX
CAN.BS2=CAN_BS2_2TQ
CAN.Prescaler=2
CAN.BS1=CAN_BS1_13TQ
Mcu.UserConstants=
PB11.Mode=Asynchronous
ProjectManager.TargetToolchain=STM32CubeIDE
Mcu.ThirdPartyNb=0
Mcu.IPNb=6
TIM2.IPParameters=Prescaler,Period
ProjectManager.PreviousToolchain=
PB2.GPIOParameters=GPIO_PuPd
Mcu.Pin6=PA12
Mcu.Pin7=PA13
VP_TIM2_VS_ClockSourceINT.Signal=TIM2_VS_ClockSourceINT
ProjectManager.RegisterCallBack=
Mcu.Pin8=PA14
Mcu.Pin9=PB4
Mcu.Pin0=PA5
Mcu.Pin1=PB0
GPIO.groupedBy=Group By Peripherals
Mcu.Pin2=PB2
PB10.Signal=USART3_TX
Mcu.Pin3=PB10
Mcu.Pin4=PB11
Mcu.Pin5=PA11
PA5.Signal=GPIO_Output
ProjectManager.ProjectBuild=false
NVIC.UsageFault_IRQn=true\:0\:0\:false\:false\:true\:false\:false
NVIC.DebugMonitor_IRQn=true\:0\:0\:false\:false\:true\:false\:false
PB2.Signal=GPIO_Input
board=custom
NVIC.SysTick_IRQn=true\:0\:0\:false\:false\:true\:false\:true
ProjectManager.LastFirmware=true
ProjectManager.FirmwarePackage=STM32Cube FW_F1 V1.8.3
MxDb.Version=DB.6.0.0
RCC.APB2Freq_Value=8000000
ProjectManager.BackupPrevious=false
MxCube.Version=6.0.0
VP_TIM2_VS_ClockSourceINT.Mode=Internal
PA14.Mode=Serial_Wire
PA5.GPIO_PuPd=GPIO_PULLDOWN
NVIC.TIM2_IRQn=true\:0\:0\:false\:false\:true\:true\:true
File.Version=6
VP_SYS_VS_Systick.Mode=SysTick
NVIC.NonMaskableInt_IRQn=true\:0\:0\:false\:false\:true\:false\:false
CAN.IPParameters=CalculateTimeQuantum,CalculateTimeBit,Prescaler,BS1,BS2
NVIC.PendSV_IRQn=true\:0\:0\:false\:false\:true\:false\:false
TIM2.Period=1000
PA13.Mode=Serial_Wire
ProjectManager.FreePins=false
RCC.IPParameters=APB1Freq_Value,APB2Freq_Value,FamilyName,PLLCLKFreq_Value,PLLMCOFreq_Value,TimSysFreq_Value
ProjectManager.AskForMigrate=true
Mcu.Name=STM32F103C(8-B)Tx
CAN.CalculateTimeQuantum=250.0
ProjectManager.HalAssertFull=false
PB0.Locked=true
PB2.GPIO_PuPd=GPIO_PULLDOWN
ProjectManager.ProjectName=Try_card
ProjectManager.UnderRoot=true
PB2.Locked=true
RCC.PLLMCOFreq_Value=4000000
ProjectManager.CoupleFile=false
PB4.Locked=true
Mcu.Package=LQFP48
TIM2.Prescaler=8
USART3.Mode=MODE_TX_RX
RCC.TimSysFreq_Value=8000000
PA5.Locked=true
PA12.Mode=Master
NVIC.ForceEnableDMAVector=true
KeepUserPlacement=false
USART3.VirtualMode=VM_ASYNC
NVIC.MemoryManagement_IRQn=true\:0\:0\:false\:false\:true\:false\:false
ProjectManager.CompilerOptimize=6
ProjectManager.ToolChainLocation=
VP_SYS_VS_Systick.Signal=SYS_VS_Systick
PA11.Signal=CAN_RX
USART3.IPParameters=VirtualMode,Mode
PA14.Signal=SYS_JTCK-SWCLK
ProjectManager.HeapSize=0x200
NVIC.HardFault_IRQn=true\:0\:0\:false\:false\:true\:false\:false
PA5.GPIOParameters=GPIO_PuPd
ProjectManager.ComputerToolchain=false
NVIC.PriorityGroup=NVIC_PRIORITYGROUP_4
Mcu.Pin11=VP_TIM2_VS_ClockSourceINT
Mcu.Pin10=VP_SYS_VS_Systick
NVIC.BusFault_IRQn=true\:0\:0\:false\:false\:true\:false\:false
RCC.APB1Freq_Value=8000000
PB0.Signal=GPIO_Input
ProjectManager.CustomerFirmwarePackage=
PB11.Locked=true
ProjectManager.DeviceId=STM32F103C8Tx
ProjectManager.LibraryCopy=1
PB4.Signal=GPIO_Input
